{
    "_meta": {
        "hash": {
            "sha256": "5fcc877538d4208db05927c03ee0e798eb8f2cbbf3095ca8df1a179fef518574"
        },
        "pipfile-spec": 6,
        "requires": {
            "python_version": "3.8"
        },
        "sources": [
            {
                "name": "pypi",
                "url": "https://pypi.org/simple",
                "verify_ssl": true
            }
        ]
    },
    "default": {
        "alembic": {
            "hashes": [
                "sha256:295b54bbb92c4008ab6a7dcd1e227e668416d6f84b98b3c4446a2bc6214a556b",
                "sha256:43942c3d4bf2620c466b91c0f4fca136fe51ae972394a0cc8b90810d664e4f5c"
            ],
            "markers": "python_version >= '3.7'",
            "version": "==1.10.4"
        },
        "aniso8601": {
            "hashes": [
                "sha256:1d2b7ef82963909e93c4f24ce48d4de9e66009a21bf1c1e1c85bdd0812fe412f",
                "sha256:72e3117667eedf66951bb2d93f4296a56b94b078a8a95905a052611fb3f1b973"
            ],
            "version": "==9.0.1"
        },
        "blinker": {
            "hashes": [
                "sha256:4afd3de66ef3a9f8067559fb7a1cbe555c17dcbe15971b05d1b625c3e7abe213",
                "sha256:c3d739772abb7bc2860abf5f2ec284223d9ad5c76da018234f6f50d6f31ab1f0"
            ],
            "markers": "python_version >= '3.7'",
            "version": "==1.6.2"
        },
        "cached-property": {
            "hashes": [
                "sha256:9fa5755838eecbb2d234c3aa390bd80fbd3ac6b6869109bfc1b499f7bd89a130",
                "sha256:df4f613cf7ad9a588cc381aaf4a512d26265ecebd5eb9e1ba12f1319eb85a6a0"
            ],
            "version": "==1.5.2"
        },
        "click": {
            "hashes": [
                "sha256:7682dc8afb30297001674575ea00d1814d808d6a36af415a82bd481d37ba7b8e",
                "sha256:bb4d8133cb15a609f44e8213d9b391b0809795062913b383c62be0ee95b1db48"
            ],
            "markers": "python_version >= '3.7'",
            "version": "==8.1.3"
        },
        "datetime": {
            "hashes": [
                "sha256:97f5ec489e75e26c2e7b4e4b37dc001389814dca1f14ec046c7f9270cf3cee9e",
                "sha256:a4191a3193c1ca4dbbaad5c958f940b9256864ba2613a53038d1613d3f63262d"
            ],
            "index": "pypi",
            "version": "==5.1"
        },
        "faker": {
            "hashes": [
                "sha256:6385386ba8d5aa255bec72f5392c2b795fcec8bebf975a9953488948d54bce35",
                "sha256:ef61bbf266d30819e83bab4a6c74a0f5979ce4d19d4c9305719dd26cb7d8d51c"
            ],
            "index": "pypi",
            "version": "==18.6.2"
        },
        "flask": {
            "hashes": [
                "sha256:77fd4e1249d8c9923de34907236b747ced06e5467ecac1a7bb7115ae0e9670b0",
                "sha256:8c2f9abd47a9e8df7f0c3f091ce9497d011dc3b31effcf4c85a6e2b50f4114ef"
            ],
            "index": "pypi",
            "version": "==2.3.2"
        },
        "flask-cors": {
            "hashes": [
                "sha256:74efc975af1194fc7891ff5cd85b0f7478be4f7f59fe158102e91abb72bb4438",
                "sha256:b60839393f3b84a0f3746f6cdca56c1ad7426aa738b70d6c61375857823181de"
            ],
            "index": "pypi",
            "version": "==3.0.10"
        },
        "flask-migrate": {
            "hashes": [
                "sha256:73293d40b10ac17736e715b377e7b7bde474cb8105165d77474df4c3619b10b3",
                "sha256:77580f27ab39bc68be4906a43c56d7674b45075bc4f883b1d0b985db5164d58f"
            ],
            "index": "pypi",
            "version": "==4.0.4"
        },
        "flask-restful": {
            "hashes": [
                "sha256:4970c49b6488e46c520b325f54833374dc2b98e211f1b272bd4b0c516232afe2",
                "sha256:ccec650b835d48192138c85329ae03735e6ced58e9b2d9c2146d6c84c06fa53e"
            ],
            "index": "pypi",
            "version": "==0.3.9"
        },
        "flask-sqlalchemy": {
            "hashes": [
                "sha256:2764335f3c9d7ebdc9ed6044afaf98aae9fa50d7a074cef55dde307ec95903ec",
                "sha256:add5750b2f9cd10512995261ee2aa23fab85bd5626061aa3c564b33bb4aa780a"
            ],
            "index": "pypi",
            "version": "==3.0.3"
        },
        "importlib-metadata": {
            "hashes": [
                "sha256:43dd286a2cd8995d5eaef7fee2066340423b818ed3fd70adf0bad5f1fac53fed",
                "sha256:92501cdf9cc66ebd3e612f1b4f0c0765dfa42f0fa38ffb319b6bd84dd675d705"
            ],
            "markers": "python_version < '3.10'",
            "version": "==6.6.0"
        },
        "importlib-resources": {
            "hashes": [
                "sha256:4be82589bf5c1d7999aedf2a45159d10cb3ca4f19b2271f8792bc8e6da7b22f6",
                "sha256:7b1deeebbf351c7578e09bf2f63fa2ce8b5ffec296e0d349139d43cca061a81a"
            ],
            "markers": "python_version < '3.9'",
            "version": "==5.12.0"
        },
        "inflection": {
            "hashes": [
                "sha256:1a29730d366e996aaacffb2f1f1cb9593dc38e2ddd30c91250c6dde09ea9b417",
                "sha256:f38b2b640938a4f35ade69ac3d053042959b62a0f1076a5bbaa1b9526605a8a2"
            ],
            "markers": "python_version >= '3.5'",
            "version": "==0.5.1"
        },
        "itsdangerous": {
            "hashes": [
                "sha256:2c2349112351b88699d8d4b6b075022c0808887cb7ad10069318a8b0bc88db44",
                "sha256:5dbbc68b317e5e42f327f9021763545dc3fc3bfe22e6deb96aaf1fc38874156a"
            ],
            "markers": "python_version >= '3.7'",
            "version": "==2.1.2"
        },
        "jinja2": {
            "hashes": [
                "sha256:31351a702a408a9e7595a8fc6150fc3f43bb6bf7e319770cbc0db9df9437e852",
                "sha256:6088930bfe239f0e6710546ab9c19c9ef35e29792895fed6e6e31a023a182a61"
            ],
            "markers": "python_version >= '3.7'",
            "version": "==3.1.2"
        },
        "mako": {
            "hashes": [
                "sha256:c97c79c018b9165ac9922ae4f32da095ffd3c4e6872b45eded42926deea46818",
                "sha256:d60a3903dc3bb01a18ad6a89cdbe2e4eadc69c0bc8ef1e3773ba53d44c3f7a34"
            ],
            "markers": "python_version >= '3.7'",
            "version": "==1.2.4"
        },
        "markupsafe": {
            "hashes": [
                "sha256:0576fe974b40a400449768941d5d0858cc624e3249dfd1e0c33674e5c7ca7aed",
                "sha256:085fd3201e7b12809f9e6e9bc1e5c96a368c8523fad5afb02afe3c051ae4afcc",
                "sha256:090376d812fb6ac5f171e5938e82e7f2d7adc2b629101cec0db8b267815c85e2",
                "sha256:0b462104ba25f1ac006fdab8b6a01ebbfbce9ed37fd37fd4acd70c67c973e460",
                "sha256:137678c63c977754abe9086a3ec011e8fd985ab90631145dfb9294ad09c102a7",
                "sha256:1bea30e9bf331f3fef67e0a3877b2288593c98a21ccb2cf29b74c581a4eb3af0",
                "sha256:22152d00bf4a9c7c83960521fc558f55a1adbc0631fbb00a9471e097b19d72e1",
                "sha256:22731d79ed2eb25059ae3df1dfc9cb1546691cc41f4e3130fe6bfbc3ecbbecfa",
                "sha256:2298c859cfc5463f1b64bd55cb3e602528db6fa0f3cfd568d3605c50678f8f03",
                "sha256:28057e985dace2f478e042eaa15606c7efccb700797660629da387eb289b9323",
                "sha256:2e7821bffe00aa6bd07a23913b7f4e01328c3d5cc0b40b36c0bd81d362faeb65",
                "sha256:2ec4f2d48ae59bbb9d1f9d7efb9236ab81429a764dedca114f5fdabbc3788013",
                "sha256:340bea174e9761308703ae988e982005aedf427de816d1afe98147668cc03036",
                "sha256:40627dcf047dadb22cd25ea7ecfe9cbf3bbbad0482ee5920b582f3809c97654f",
                "sha256:40dfd3fefbef579ee058f139733ac336312663c6706d1163b82b3003fb1925c4",
                "sha256:4cf06cdc1dda95223e9d2d3c58d3b178aa5dacb35ee7e3bbac10e4e1faacb419",
                "sha256:50c42830a633fa0cf9e7d27664637532791bfc31c731a87b202d2d8ac40c3ea2",
                "sha256:55f44b440d491028addb3b88f72207d71eeebfb7b5dbf0643f7c023ae1fba619",
                "sha256:608e7073dfa9e38a85d38474c082d4281f4ce276ac0010224eaba11e929dd53a",
                "sha256:63ba06c9941e46fa389d389644e2d8225e0e3e5ebcc4ff1ea8506dce646f8c8a",
                "sha256:65608c35bfb8a76763f37036547f7adfd09270fbdbf96608be2bead319728fcd",
                "sha256:665a36ae6f8f20a4676b53224e33d456a6f5a72657d9c83c2aa00765072f31f7",
                "sha256:6d6607f98fcf17e534162f0709aaad3ab7a96032723d8ac8750ffe17ae5a0666",
                "sha256:7313ce6a199651c4ed9d7e4cfb4aa56fe923b1adf9af3b420ee14e6d9a73df65",
                "sha256:7668b52e102d0ed87cb082380a7e2e1e78737ddecdde129acadb0eccc5423859",
                "sha256:7df70907e00c970c60b9ef2938d894a9381f38e6b9db73c5be35e59d92e06625",
                "sha256:7e007132af78ea9df29495dbf7b5824cb71648d7133cf7848a2a5dd00d36f9ff",
                "sha256:835fb5e38fd89328e9c81067fd642b3593c33e1e17e2fdbf77f5676abb14a156",
                "sha256:8bca7e26c1dd751236cfb0c6c72d4ad61d986e9a41bbf76cb445f69488b2a2bd",
                "sha256:8db032bf0ce9022a8e41a22598eefc802314e81b879ae093f36ce9ddf39ab1ba",
                "sha256:99625a92da8229df6d44335e6fcc558a5037dd0a760e11d84be2260e6f37002f",
                "sha256:9cad97ab29dfc3f0249b483412c85c8ef4766d96cdf9dcf5a1e3caa3f3661cf1",
                "sha256:a4abaec6ca3ad8660690236d11bfe28dfd707778e2442b45addd2f086d6ef094",
                "sha256:a6e40afa7f45939ca356f348c8e23048e02cb109ced1eb8420961b2f40fb373a",
                "sha256:a6f2fcca746e8d5910e18782f976489939d54a91f9411c32051b4aab2bd7c513",
                "sha256:a806db027852538d2ad7555b203300173dd1b77ba116de92da9afbc3a3be3eed",
                "sha256:abcabc8c2b26036d62d4c746381a6f7cf60aafcc653198ad678306986b09450d",
                "sha256:b8526c6d437855442cdd3d87eede9c425c4445ea011ca38d937db299382e6fa3",
                "sha256:bb06feb762bade6bf3c8b844462274db0c76acc95c52abe8dbed28ae3d44a147",
                "sha256:c0a33bc9f02c2b17c3ea382f91b4db0e6cde90b63b296422a939886a7a80de1c",
                "sha256:c4a549890a45f57f1ebf99c067a4ad0cb423a05544accaf2b065246827ed9603",
                "sha256:ca244fa73f50a800cf8c3ebf7fd93149ec37f5cb9596aa8873ae2c1d23498601",
                "sha256:cf877ab4ed6e302ec1d04952ca358b381a882fbd9d1b07cccbfd61783561f98a",
                "sha256:d9d971ec1e79906046aa3ca266de79eac42f1dbf3612a05dc9368125952bd1a1",
                "sha256:da25303d91526aac3672ee6d49a2f3db2d9502a4a60b55519feb1a4c7714e07d",
                "sha256:e55e40ff0cc8cc5c07996915ad367fa47da6b3fc091fdadca7f5403239c5fec3",
                "sha256:f03a532d7dee1bed20bc4884194a16160a2de9ffc6354b3878ec9682bb623c54",
                "sha256:f1cd098434e83e656abf198f103a8207a8187c0fc110306691a2e94a78d0abb2",
                "sha256:f2bfb563d0211ce16b63c7cb9395d2c682a23187f54c3d79bfec33e6705473c6",
                "sha256:f8ffb705ffcf5ddd0e80b65ddf7bed7ee4f5a441ea7d3419e861a12eaf41af58"
            ],
            "markers": "python_version >= '3.7'",
            "version": "==2.1.2"
        },
        "mypy-extensions": {
            "hashes": [
                "sha256:4392f6c0eb8a5668a69e23d168ffa70f0be9ccfd32b5cc2d26a34ae5b844552d",
                "sha256:75dbf8955dc00442a438fc4d0666508a9a97b6bd41aa2f0ffe9d2f2725af0782"
            ],
            "markers": "python_version >= '3.5'",
            "version": "==1.0.0"
        },
        "python-dateutil": {
            "hashes": [
                "sha256:0123cacc1627ae19ddf3c27a5de5bd67ee4586fbdd6440d9748f8abb483d3e86",
                "sha256:961d03dc3453ebbc59dbdea9e4e11c5651520a876d0f4db161e8674aae935da9"
            ],
            "markers": "python_version >= '2.7' and python_version not in '3.0, 3.1, 3.2, 3.3'",
            "version": "==2.8.2"
        },
        "pytz": {
            "hashes": [
                "sha256:1d8ce29db189191fb55338ee6d0387d82ab59f3d00eac103412d64e0ebd0c588",
                "sha256:a151b3abb88eda1d4e34a9814df37de2a80e301e68ba0fd856fb9b46bfbbbffb"
            ],
            "version": "==2023.3"
        },
        "setuptools": {
            "hashes": [
                "sha256:23aaf86b85ca52ceb801d32703f12d77517b2556af839621c641fca11287952b",
                "sha256:f104fa03692a2602fa0fec6c6a9e63b6c8a968de13e17c026957dd1f53d80990"
            ],
            "markers": "python_version >= '3.7'",
            "version": "==67.7.2"
        },
        "six": {
            "hashes": [
                "sha256:1e61c37477a1626458e36f7b1d82aa5c9b094fa4802892072e49de9c60c4c926",
                "sha256:8abb2f1d86890a2dfb989f9a77cfcfd3e47c2a354b01111771326f8aa26e0254"
            ],
            "markers": "python_version >= '2.7' and python_version not in '3.0, 3.1, 3.2, 3.3'",
            "version": "==1.16.0"
        },
        "sqlalchemy": {
            "hashes": [
                "sha256:03206576ca53f55b9de6e890273e498f4b2e6e687a9db9859bdcd21df5a63e53",
                "sha256:09205893a84b6bedae0453d3f384f5d2a6499b6e45ad977549894cdcd85d8f1c",
                "sha256:0e5501c78b5ab917f0f0f75ce7f0018f683a0a76e95f30e6561bf61c9ff69d43",
                "sha256:10f1ff0ebe21d2cea89ead231ba3ecf75678463ab85f19ce2ce91207620737f3",
                "sha256:1fac17c866111283cbcdb7024d646abb71fdd95f3ce975cf3710258bc55742fd",
                "sha256:297b752d4f30350b64175bbbd57dc94c061a35f5d1dba088d0a367dbbebabc94",
                "sha256:2a3101252f3de9a18561c1fb0a68b1ee465485990aba458d4510f214bd5a582c",
                "sha256:32762dba51b663609757f861584a722093487f53737e76474cc6e190904dc31b",
                "sha256:369f6564e68a9c60f0b9dde121def491e651a4ba8dcdd652a93f1cd5977cd85c",
                "sha256:3745dee26a7ee012598577ad3b8f6e6cd50a49b2afa0cde9db668da6bf2c2319",
                "sha256:3c053c3f4c4e45d4c8b27977647566c140d6de3f61a4e2acb92ea24cf9911c7f",
                "sha256:4ad525b9dd17b478a2ed8580d7f2bc46b0f5889153c6b1c099729583e395b4b9",
                "sha256:53b2c8adbcbb59732fb21a024aaa261983655845d86e3fc26a5676cec0ebaa09",
                "sha256:5d709f43caee115b03b707b8cbbcb8b303045dd7cdc825b6d29857d71f3425ae",
                "sha256:5e9d390727c11b9a7e583bf6770de36895c0936bddb98ae93ae99282e6428d5f",
                "sha256:6b1fa0ffc378a7061c452cb4a1f804fad1b3b8aa8d0552725531d27941b2e3ed",
                "sha256:6e1d50592cb24d1947c374c666add65ded7c181ec98a89ed17abbe9b8b2e2ff4",
                "sha256:77a06b0983faf9aa48ee6219d41ade39dee16ce90857cc181dbcf6918acd234d",
                "sha256:7eb25b981cbc9e7df9f56ad7ec4c6d77323090ca4b7147fcdc09d66535377759",
                "sha256:85b0efe1c71459ba435a6593f54a0e39334b16ba383e8010fdb9d0127ca51ba8",
                "sha256:87b2c2d13c3d1384859b60eabb3139e169ce68ada1d2963dbd0c7af797f16efe",
                "sha256:8aad66215a3817a7a1d535769773333250de2653c89b53f7e2d42b677d398027",
                "sha256:91f4b1bdc987ef85fe3a0ce5d26ac72ff8f60207b08272aa2a65494836391d69",
                "sha256:978bee4ecbcdadf087220618409fb9be9509458df479528b70308f0599c7c519",
                "sha256:9fe98e9d26778d7711ceee2c671741b4f54c74677668481d733d6f70747d7690",
                "sha256:a022c588c0f413f8cddf9fcc597dbf317efeac4186d8bff9aa7f3219258348b0",
                "sha256:a4709457f1c317e347051498b91fa2b86c4bcdebf93c84e6d121a4fc8a397307",
                "sha256:aec5fb36b53125554ecc2285526eb5cc31b21f6cb059993c1c5ca831959de052",
                "sha256:b6ceca432ce88ad12aab5b5896c343a1993c90b325d9193dcd055e73e18a0439",
                "sha256:b76c2fde827522e21922418325c1b95c2d795cdecfb4bc261e4d37965199ee7f",
                "sha256:bddfc5bd1dee5db0fddc9dab26f800c283f3243e7281bbf107200fed30125f9c",
                "sha256:bf83700faa9642388fbd3167db3f6cbb2e88cc8367b8c22204f3f408ee782d25",
                "sha256:c5268ec05c21e2ecf5bca09314bcaadfec01f02163088cd602db4379862958dd",
                "sha256:d9796d5c13b2b7f05084d0ce52528cf919f9bde9e0f10672a6393a4490415695",
                "sha256:dc67efd00ce7f428a446ce012673c03c63c5abb5dec3f33750087b8bdc173bf0",
                "sha256:dfd6385b662aea83e63dd4db5fe116eb11914022deb1745f0b57fa8470c18ffe",
                "sha256:e495ad05a13171fbb5d72fe5993469c8bceac42bcf6b8f9f117a518ee7fbc353",
                "sha256:e752c34f7a2057ebe82c856698b9f277c633d4aad006bddf7af74598567c8931",
                "sha256:f0843132168b44ca33c5e5a2046c954775dde8c580ce27f5cf2e134d0d9919e4",
                "sha256:f30c5608c64fc9c1fa9a16277eb4784f782362566fe40ff8d283358c8f2c5fe0",
                "sha256:f6ebadefc4331dda83c22519e1ea1e61104df6eb38abbb80ab91b0a8527a5c19"
            ],
            "markers": "python_version >= '3.7'",
            "version": "==2.0.12"
        },
        "sqlalchemy-serializer": {
            "hashes": [
                "sha256:c4cf3e3eebbffa5b46a77ddb886230e5d8c17fd0b9ddbd57eed1a837eb1463cc"
            ],
            "index": "pypi",
            "version": "==1.4.1"
        },
        "sqlalchemy.orm": {
            "hashes": [
                "sha256:da3f4170fdd45b99287a81ffad3167ee480fba451d8413cc135784fe6909813c"
            ],
            "index": "pypi",
            "version": "==1.2.8"
        },
        "typing-extensions": {
            "hashes": [
                "sha256:5cb5f4a79139d699607b3ef622a1dedafa84e115ab0024e0d9c044a9479ca7cb",
                "sha256:fb33085c39dd998ac16d1431ebc293a8b3eedd00fd4a32de0ff79002c19511b4"
            ],
            "markers": "python_version >= '3.7'",
            "version": "==4.5.0"
        },
        "typing-inspect": {
            "hashes": [
                "sha256:5fbf9c1e65d4fa01e701fe12a5bca6c6e08a4ffd5bc60bfac028253a447c5188",
                "sha256:8b1ff0c400943b6145df8119c41c244ca8207f1f10c9c057aeed1560e4806e3d"
            ],
            "version": "==0.8.0"
        },
        "werkzeug": {
            "hashes": [
                "sha256:4866679a0722de00796a74086238bb3b98d90f423f05de039abb09315487254a",
                "sha256:a987caf1092edc7523edb139edb20c70571c4a8d5eed02e0b547b4739174d091"
            ],
            "markers": "python_version >= '3.8'",
            "version": "==2.3.3"
        },
        "zipp": {
            "hashes": [
                "sha256:112929ad649da941c23de50f356a2b5570c954b65150642bccdd66bf194d224b",
                "sha256:48904fc76a60e542af151aded95726c1a5c34ed43ab4134b597665c86d7ad556"
            ],
            "markers": "python_version >= '3.7'",
            "version": "==3.15.0"
        },
        "zope.interface": {
            "hashes": [
                "sha256:042f2381118b093714081fd82c98e3b189b68db38ee7d35b63c327c470ef8373",
                "sha256:0ec9653825f837fbddc4e4b603d90269b501486c11800d7c761eee7ce46d1bbb",
                "sha256:12175ca6b4db7621aedd7c30aa7cfa0a2d65ea3a0105393e05482d7a2d367446",
                "sha256:1592f68ae11e557b9ff2bc96ac8fc30b187e77c45a3c9cd876e3368c53dc5ba8",
                "sha256:23ac41d52fd15dd8be77e3257bc51bbb82469cf7f5e9a30b75e903e21439d16c",
                "sha256:424d23b97fa1542d7be882eae0c0fc3d6827784105264a8169a26ce16db260d8",
                "sha256:4407b1435572e3e1610797c9203ad2753666c62883b921318c5403fb7139dec2",
                "sha256:48f4d38cf4b462e75fac78b6f11ad47b06b1c568eb59896db5b6ec1094eb467f",
                "sha256:4c3d7dfd897a588ec27e391edbe3dd320a03684457470415870254e714126b1f",
                "sha256:5171eb073474a5038321409a630904fd61f12dd1856dd7e9d19cd6fe092cbbc5",
                "sha256:5a158846d0fca0a908c1afb281ddba88744d403f2550dc34405c3691769cdd85",
                "sha256:6ee934f023f875ec2cfd2b05a937bd817efcc6c4c3f55c5778cbf78e58362ddc",
                "sha256:790c1d9d8f9c92819c31ea660cd43c3d5451df1df61e2e814a6f99cebb292788",
                "sha256:809fe3bf1a91393abc7e92d607976bbb8586512913a79f2bf7d7ec15bd8ea518",
                "sha256:87b690bbee9876163210fd3f500ee59f5803e4a6607d1b1238833b8885ebd410",
                "sha256:89086c9d3490a0f265a3c4b794037a84541ff5ffa28bb9c24cc9f66566968464",
                "sha256:99856d6c98a326abbcc2363827e16bd6044f70f2ef42f453c0bd5440c4ce24e5",
                "sha256:aab584725afd10c710b8f1e6e208dbee2d0ad009f57d674cb9d1b3964037275d",
                "sha256:af169ba897692e9cd984a81cb0f02e46dacdc07d6cf9fd5c91e81f8efaf93d52",
                "sha256:b39b8711578dcfd45fc0140993403b8a81e879ec25d53189f3faa1f006087dca",
                "sha256:b3f543ae9d3408549a9900720f18c0194ac0fe810cecda2a584fd4dca2eb3bb8",
                "sha256:d0583b75f2e70ec93f100931660328965bb9ff65ae54695fb3fa0a1255daa6f2",
                "sha256:dfbbbf0809a3606046a41f8561c3eada9db811be94138f42d9135a5c47e75f6f",
                "sha256:e538f2d4a6ffb6edfb303ce70ae7e88629ac6e5581870e66c306d9ad7b564a58",
                "sha256:eba51599370c87088d8882ab74f637de0c4f04a6d08a312dce49368ba9ed5c2a",
                "sha256:ee4b43f35f5dc15e1fec55ccb53c130adb1d11e8ad8263d68b1284b66a04190d",
                "sha256:f2363e5fd81afb650085c6686f2ee3706975c54f331b426800b53531191fdf28",
                "sha256:f299c020c6679cb389814a3b81200fe55d428012c5e76da7e722491f5d205990",
                "sha256:f72f23bab1848edb7472309e9898603141644faec9fd57a823ea6b4d1c4c8995",
                "sha256:fa90bac61c9dc3e1a563e5babb3fd2c0c1c80567e815442ddbe561eadc803b30"
            ],
            "markers": "python_version >= '3.7'",
            "version": "==6.0"
        }
    },
    "develop": {}
}
